
Microsoft Visual Studio Solution File, Format Version 12.00
# Visual Studio Version 17
VisualStudioVersion = 17.9.34714.143
MinimumVisualStudioVersion = 10.0.40219.1
Project("{FAE04EC0-301F-11D3-BF4B-00C04F79EFBC}") = "MyConsoleApplication", "MyConsoleApplication\MyConsoleApplication.csproj", "{58F5FE76-5314-41D3-93DD-3D6F7FA9C0CC}"
EndProject
Global
	GlobalSection(SolutionConfigurationPlatforms) = preSolution
		Debug|Any CPU = Debug|Any CPU
		Release|Any CPU = Release|Any CPU
	EndGlobalSection
	GlobalSection(ProjectConfigurationPlatforms) = postSolution
		{58F5FE76-5314-41D3-93DD-3D6F7FA9C0CC}.Debug|Any CPU.ActiveCfg = Debug|Any CPU
		{58F5FE76-5314-41D3-93DD-3D6F7FA9C0CC}.Debug|Any CPU.Build.0 = Debug|Any CPU
		{58F5FE76-5314-41D3-93DD-3D6F7FA9C0CC}.Release|Any CPU.ActiveCfg = Release|Any CPU
		{58F5FE76-5314-41D3-93DD-3D6F7FA9C0CC}.Release|Any CPU.Build.0 = Release|Any CPU
	EndGlobalSection
	GlobalSection(SolutionProperties) = preSolution
		HideSolutionNode = FALSE
	EndGlobalSection
	GlobalSection(ExtensibilityGlobals) = postSolution
		SolutionGuid = {E0F5C95E-3078-4811-AB69-EECC6ACD63EE}
	EndGlobalSection
EndGlobal
